
Microsoft Visual Studio Solution File, Format Version 12.00
# Visual Studio Version 17
VisualStudioVersion = 17.3.32811.315
MinimumVisualStudioVersion = 10.0.40219.1
Project("{FAE04EC0-301F-11D3-BF4B-00C04F79EFBC}") = "WebApplication2", "WebApplication2\WebApplication2.csproj", "{744895EC-C584-4E8A-B30B-4F260B30022F}"
EndProject
Global
	GlobalSection(SolutionConfigurationPlatforms) = preSolution
		Debug|Any CPU = Debug|Any CPU
		Release|Any CPU = Release|Any CPU
	EndGlobalSection
	GlobalSection(ProjectConfigurationPlatforms) = postSolution
		{744895EC-C584-4E8A-B30B-4F260B30022F}.Debug|Any CPU.ActiveCfg = Debug|Any CPU
		{744895EC-C584-4E8A-B30B-4F260B30022F}.Debug|Any CPU.Build.0 = Debug|Any CPU
		{744895EC-C584-4E8A-B30B-4F260B30022F}.Release|Any CPU.ActiveCfg = Release|Any CPU
		{744895EC-C584-4E8A-B30B-4F260B30022F}.Release|Any CPU.Build.0 = Release|Any CPU
	EndGlobalSection
	GlobalSection(SolutionProperties) = preSolution
		HideSolutionNode = FALSE
	EndGlobalSection
	GlobalSection(ExtensibilityGlobals) = postSolution
		SolutionGuid = {53A2BECF-FFB1-4DE7-AC3C-9EF00D46F1FA}
	EndGlobalSection
EndGlobal
